
Microsoft Visual Studio Solution File, Format Version 12.00
# Visual Studio Version 16
VisualStudioVersion = 16.0.29318.209
MinimumVisualStudioVersion = 10.0.40219.1
Project("{FAE04EC0-301F-11D3-BF4B-00C04F79EFBC}") = "Plugin3D.UI", "Plugin_Kompas3D\Plugin3D.UI\Plugin3D.UI.csproj", "{E6845254-B49C-4047-84F4-5DEE71E08037}"
EndProject
Project("{FAE04EC0-301F-11D3-BF4B-00C04F79EFBC}") = "Builder", "Plugin_Kompas3D\Builder\Builder.csproj", "{CFB9C946-8AC0-41D5-AD62-3264F3967C8A}"
EndProject
Project("{FAE04EC0-301F-11D3-BF4B-00C04F79EFBC}") = "ModelParameter", "Plugin_Kompas3D\Parameter\ModelParameter.csproj", "{340E59DE-5600-48BA-B0B5-9EC1BA1B8BFF}"
EndProject
Project("{FAE04EC0-301F-11D3-BF4B-00C04F79EFBC}") = "PluginTest.UnitTest", "Plugin_Kompas3D\PluginTest.UnitTest\PluginTest.UnitTest.csproj", "{758E2AF2-4350-49BF-9072-8F6C9002ED5F}"
EndProject
Global
	GlobalSection(SolutionConfigurationPlatforms) = preSolution
		Debug|Any CPU = Debug|Any CPU
		Release|Any CPU = Release|Any CPU
	EndGlobalSection
	GlobalSection(ProjectConfigurationPlatforms) = postSolution
		{E6845254-B49C-4047-84F4-5DEE71E08037}.Debug|Any CPU.ActiveCfg = Debug|Any CPU
		{E6845254-B49C-4047-84F4-5DEE71E08037}.Debug|Any CPU.Build.0 = Debug|Any CPU
		{E6845254-B49C-4047-84F4-5DEE71E08037}.Release|Any CPU.ActiveCfg = Release|Any CPU
		{E6845254-B49C-4047-84F4-5DEE71E08037}.Release|Any CPU.Build.0 = Release|Any CPU
		{CFB9C946-8AC0-41D5-AD62-3264F3967C8A}.Debug|Any CPU.ActiveCfg = Debug|Any CPU
		{CFB9C946-8AC0-41D5-AD62-3264F3967C8A}.Debug|Any CPU.Build.0 = Debug|Any CPU
		{CFB9C946-8AC0-41D5-AD62-3264F3967C8A}.Release|Any CPU.ActiveCfg = Release|Any CPU
		{CFB9C946-8AC0-41D5-AD62-3264F3967C8A}.Release|Any CPU.Build.0 = Release|Any CPU
		{340E59DE-5600-48BA-B0B5-9EC1BA1B8BFF}.Debug|Any CPU.ActiveCfg = Debug|Any CPU
		{340E59DE-5600-48BA-B0B5-9EC1BA1B8BFF}.Debug|Any CPU.Build.0 = Debug|Any CPU
		{340E59DE-5600-48BA-B0B5-9EC1BA1B8BFF}.Release|Any CPU.ActiveCfg = Release|Any CPU
		{340E59DE-5600-48BA-B0B5-9EC1BA1B8BFF}.Release|Any CPU.Build.0 = Release|Any CPU
		{758E2AF2-4350-49BF-9072-8F6C9002ED5F}.Debug|Any CPU.ActiveCfg = Debug|Any CPU
		{758E2AF2-4350-49BF-9072-8F6C9002ED5F}.Debug|Any CPU.Build.0 = Debug|Any CPU
		{758E2AF2-4350-49BF-9072-8F6C9002ED5F}.Release|Any CPU.ActiveCfg = Release|Any CPU
		{758E2AF2-4350-49BF-9072-8F6C9002ED5F}.Release|Any CPU.Build.0 = Release|Any CPU
	EndGlobalSection
	GlobalSection(SolutionProperties) = preSolution
		HideSolutionNode = FALSE
	EndGlobalSection
	GlobalSection(ExtensibilityGlobals) = postSolution
		SolutionGuid = {99902641-A6BF-48C7-8872-1A183901F37E}
	EndGlobalSection
EndGlobal
